{
  "version": 4,
  "terraform_version": "1.5.7",
  "serial": 42,
  "lineage": "d4e5f6a7-b8c9-0123-d4e5-f6a7b8c90123",
  "outputs": {
    "web_public_ip": {
      "value": "54.210.123.45",
      "type": "string"
    }
  },
  "resources": [
    {
      "mode": "managed",
      "type": "aws_instance",
      "name": "web",
      "provider": "provider[\"registry.terraform.io/hashicorp/aws\"]",
      "instances": [
        {
          "schema_version": 1,
          "attributes": {
            "id": "i-0abc123def456789",
            "ami": "ami-0c55b159cbfafe1f0",
            "instance_type": "t3.micro",
            "associate_public_ip_address": true,
            "monitoring": false,
            "root_block_device": {
              "encrypted": false,
              "volume_size": 8,
              "volume_type": "gp2"
            },
            "tags": {
              "Name": "web-server",
              "Environment": "production"
            },
            "vpc_security_group_ids": ["sg-0123456789abcdef0"]
          }
        }
      ]
    },
    {
      "mode": "managed",
      "type": "aws_instance",
      "name": "bastion",
      "provider": "provider[\"registry.terraform.io/hashicorp/aws\"]",
      "instances": [
        {
          "schema_version": 1,
          "attributes": {
            "id": "i-0def456ghi789012",
            "ami": "ami-0c55b159cbfafe1f0",
            "instance_type": "t3.small",
            "associate_public_ip_address": false,
            "monitoring": true,
            "root_block_device": {
              "encrypted": true,
              "volume_size": 20,
              "volume_type": "gp3"
            },
            "tags": {
              "Name": "bastion",
              "Environment": "production"
            },
            "vpc_security_group_ids": ["sg-0fedcba9876543210"]
          }
        }
      ]
    },
    {
      "mode": "managed",
      "type": "aws_s3_bucket",
      "name": "app_data",
      "provider": "provider[\"registry.terraform.io/hashicorp/aws\"]",
      "instances": [
        {
          "schema_version": 0,
          "attributes": {
            "id": "my-app-data-bucket-prod",
            "bucket": "my-app-data-bucket-prod",
            "acl": "public-read",
            "versioning": [
              {
                "enabled": false,
                "mfa_delete": false
              }
            ],
            "logging": [],
            "tags": {
              "Name": "app-data",
              "Environment": "production"
            }
          }
        }
      ]
    },
    {
      "mode": "managed",
      "type": "aws_s3_bucket",
      "name": "audit_logs",
      "provider": "provider[\"registry.terraform.io/hashicorp/aws\"]",
      "instances": [
        {
          "schema_version": 0,
          "attributes": {
            "id": "my-audit-logs-prod",
            "bucket": "my-audit-logs-prod",
            "acl": "private",
            "versioning": [
              {
                "enabled": true,
                "mfa_delete": false
              }
            ],
            "logging": [],
            "tags": {
              "Name": "audit-logs",
              "Environment": "production"
            }
          }
        }
      ]
    },
    {
      "mode": "managed",
      "type": "aws_security_group",
      "name": "web_sg",
      "provider": "provider[\"registry.terraform.io/hashicorp/aws\"]",
      "instances": [
        {
          "schema_version": 1,
          "attributes": {
            "id": "sg-0123456789abcdef0",
            "name": "web-sg",
            "description": "Web server security group",
            "ingress": [
              {
                "cidr_blocks": ["0.0.0.0/0"],
                "from_port": 443,
                "to_port": 443,
                "protocol": "tcp",
                "description": "HTTPS"
              },
              {
                "cidr_blocks": ["0.0.0.0/0"],
                "from_port": 22,
                "to_port": 22,
                "protocol": "tcp",
                "description": "SSH open to world"
              }
            ],
            "tags": {
              "Name": "web-sg"
            }
          }
        }
      ]
    },
    {
      "mode": "data",
      "type": "aws_ami",
      "name": "amazon_linux",
      "provider": "provider[\"registry.terraform.io/hashicorp/aws\"]",
      "instances": [
        {
          "schema_version": 0,
          "attributes": {
            "id": "ami-0c55b159cbfafe1f0",
            "name": "amzn2-ami-hvm-2.0.*"
          }
        }
      ]
    }
  ]
}
